{
  "name": "steelman",
  "version": "0.0.1",
  "lockfileVersion": 3,
  "requires": true,
  "packages": {
    "": {
      "name": "steelman",
      "version": "0.0.1",
      "license": "GPL-3.0",
      "devDependencies": {
        "@hcaptcha/types": "^1.0.3"
      }
    },
    "node_modules/@hcaptcha/types": {
      "version": "1.0.3",
      "resolved": "https://registry.npmjs.org/@hcaptcha/types/-/types-1.0.3.tgz",
      "integrity": "sha512-1mbU6eSGawRrqeahRrOzZo/SVLI6oZ5/azuBpSyVrRRR96CnS3fOVDWfzxpngfxKD0/I9Rwu6c/3ITqD8rXeTQ==",
      "dev": true
    }
  }
}
